// !$*UTF8*$!
{
	archiveVersion = 1;
	classes = {
	};
	objectVersion = 50;
	objects = {

/* Begin PBXBuildFile section */
		B702316E208F7CEE00301D19 /* MainScreenTabBarViewController.swift in Sources */ = {isa = PBXBuildFile; fileRef = B702316D208F7CEE00301D19 /* MainScreenTabBarViewController.swift */; };
		B705EF6920A2F0A6008E4FB7 /* CreateTableObject.swift in Sources */ = {isa = PBXBuildFile; fileRef = B705EF6820A2F0A6008E4FB7 /* CreateTableObject.swift */; };
		B70CC4B2208DF30E0057182C /* ApiClient.swift in Sources */ = {isa = PBXBuildFile; fileRef = B70CC4B1208DF30E0057182C /* ApiClient.swift */; };
		B710D1C720B9AA4900E9D214 /* ListsController.swift in Sources */ = {isa = PBXBuildFile; fileRef = B710D1C620B9AA4900E9D214 /* ListsController.swift */; };
		B7148AB720A5DF1600B421E2 /* AccountTableViewController.swift in Sources */ = {isa = PBXBuildFile; fileRef = B7148AB620A5DF1600B421E2 /* AccountTableViewController.swift */; };
		B736D1CF208DE14500FC18FB /* ApiRouter.swift in Sources */ = {isa = PBXBuildFile; fileRef = B736D1CE208DE14500FC18FB /* ApiRouter.swift */; };
		B744853F208894A5002430F2 /* AppDelegate.swift in Sources */ = {isa = PBXBuildFile; fileRef = B744853E208894A5002430F2 /* AppDelegate.swift */; };
		B7448544208894A5002430F2 /* Main.storyboard in Resources */ = {isa = PBXBuildFile; fileRef = B7448542208894A5002430F2 /* Main.storyboard */; };
		B7448546208894A6002430F2 /* Assets.xcassets in Resources */ = {isa = PBXBuildFile; fileRef = B7448545208894A6002430F2 /* Assets.xcassets */; };
		B7448549208894A6002430F2 /* LaunchScreen.storyboard in Resources */ = {isa = PBXBuildFile; fileRef = B7448547208894A6002430F2 /* LaunchScreen.storyboard */; };
		B744855320889E4B002430F2 /* UserObject.swift in Sources */ = {isa = PBXBuildFile; fileRef = B744855220889E4B002430F2 /* UserObject.swift */; };
		B747C7D3208BAEC70015861B /* TableObject.swift in Sources */ = {isa = PBXBuildFile; fileRef = B747C7D2208BAEC70015861B /* TableObject.swift */; };
		B75C4BE4208DDB870082C584 /* LoginViewController.swift in Sources */ = {isa = PBXBuildFile; fileRef = B75C4BE3208DDB870082C584 /* LoginViewController.swift */; };
		B75C4BE6208DDF8F0082C584 /* RegistrationViewController.swift in Sources */ = {isa = PBXBuildFile; fileRef = B75C4BE5208DDF8F0082C584 /* RegistrationViewController.swift */; };
		B77384F320AC4034000C396C /* ListObject.swift in Sources */ = {isa = PBXBuildFile; fileRef = B77384F220AC4034000C396C /* ListObject.swift */; };
		B79EA396208DF7B5005C953D /* Alamofire.framework in Frameworks */ = {isa = PBXBuildFile; fileRef = B79EA395208DF7B5005C953D /* Alamofire.framework */; };
		B7BC0CE1208DE8C700E0B4E4 /* Constants.swift in Sources */ = {isa = PBXBuildFile; fileRef = B7BC0CE0208DE8C700E0B4E4 /* Constants.swift */; };
		B7F2718320ADB8B300CD2D47 /* CardObject.swift in Sources */ = {isa = PBXBuildFile; fileRef = B7F2718220ADB8B300CD2D47 /* CardObject.swift */; };
		B7F9B9DB2090A4B0006381CB /* UserTablesTableViewController.swift in Sources */ = {isa = PBXBuildFile; fileRef = B7F9B9DA2090A4B0006381CB /* UserTablesTableViewController.swift */; };
/* End PBXBuildFile section */

/* Begin PBXFileReference section */
		B702316D208F7CEE00301D19 /* MainScreenTabBarViewController.swift */ = {isa = PBXFileReference; lastKnownFileType = sourcecode.swift; path = MainScreenTabBarViewController.swift; sourceTree = "<group>"; };
		B705EF6820A2F0A6008E4FB7 /* CreateTableObject.swift */ = {isa = PBXFileReference; lastKnownFileType = sourcecode.swift; path = CreateTableObject.swift; sourceTree = "<group>"; };
		B70CC4B1208DF30E0057182C /* ApiClient.swift */ = {isa = PBXFileReference; lastKnownFileType = sourcecode.swift; path = ApiClient.swift; sourceTree = "<group>"; };
		B710D1C620B9AA4900E9D214 /* ListsController.swift */ = {isa = PBXFileReference; lastKnownFileType = sourcecode.swift; path = ListsController.swift; sourceTree = "<group>"; };
		B7148AB620A5DF1600B421E2 /* AccountTableViewController.swift */ = {isa = PBXFileReference; lastKnownFileType = sourcecode.swift; path = AccountTableViewController.swift; sourceTree = "<group>"; };
		B736D1CE208DE14500FC18FB /* ApiRouter.swift */ = {isa = PBXFileReference; lastKnownFileType = sourcecode.swift; path = ApiRouter.swift; sourceTree = "<group>"; };
		B744853B208894A5002430F2 /* kanban.app */ = {isa = PBXFileReference; explicitFileType = wrapper.application; includeInIndex = 0; path = kanban.app; sourceTree = BUILT_PRODUCTS_DIR; };
		B744853E208894A5002430F2 /* AppDelegate.swift */ = {isa = PBXFileReference; lastKnownFileType = sourcecode.swift; path = AppDelegate.swift; sourceTree = "<group>"; };
		B7448543208894A5002430F2 /* Base */ = {isa = PBXFileReference; lastKnownFileType = file.storyboard; name = Base; path = Base.lproj/Main.storyboard; sourceTree = "<group>"; };
		B7448545208894A6002430F2 /* Assets.xcassets */ = {isa = PBXFileReference; lastKnownFileType = folder.assetcatalog; path = Assets.xcassets; sourceTree = "<group>"; };
		B7448548208894A6002430F2 /* Base */ = {isa = PBXFileReference; lastKnownFileType = file.storyboard; name = Base; path = Base.lproj/LaunchScreen.storyboard; sourceTree = "<group>"; };
		B744854A208894A6002430F2 /* Info.plist */ = {isa = PBXFileReference; lastKnownFileType = text.plist.xml; path = Info.plist; sourceTree = "<group>"; };
		B744855220889E4B002430F2 /* UserObject.swift */ = {isa = PBXFileReference; lastKnownFileType = sourcecode.swift; path = UserObject.swift; sourceTree = "<group>"; };
		B747C7D2208BAEC70015861B /* TableObject.swift */ = {isa = PBXFileReference; lastKnownFileType = sourcecode.swift; path = TableObject.swift; sourceTree = "<group>"; };
		B75C4BE3208DDB870082C584 /* LoginViewController.swift */ = {isa = PBXFileReference; lastKnownFileType = sourcecode.swift; path = LoginViewController.swift; sourceTree = "<group>"; };
		B75C4BE5208DDF8F0082C584 /* RegistrationViewController.swift */ = {isa = PBXFileReference; lastKnownFileType = sourcecode.swift; path = RegistrationViewController.swift; sourceTree = "<group>"; };
		B77384F220AC4034000C396C /* ListObject.swift */ = {isa = PBXFileReference; lastKnownFileType = sourcecode.swift; path = ListObject.swift; sourceTree = "<group>"; };
		B79EA395208DF7B5005C953D /* Alamofire.framework */ = {isa = PBXFileReference; lastKnownFileType = wrapper.framework; name = Alamofire.framework; path = Carthage/Build/iOS/Alamofire.framework; sourceTree = "<group>"; };
		B7BC0CE0208DE8C700E0B4E4 /* Constants.swift */ = {isa = PBXFileReference; lastKnownFileType = sourcecode.swift; path = Constants.swift; sourceTree = "<group>"; };
		B7F2718220ADB8B300CD2D47 /* CardObject.swift */ = {isa = PBXFileReference; lastKnownFileType = sourcecode.swift; path = CardObject.swift; sourceTree = "<group>"; };
		B7F9B9DA2090A4B0006381CB /* UserTablesTableViewController.swift */ = {isa = PBXFileReference; lastKnownFileType = sourcecode.swift; path = UserTablesTableViewController.swift; sourceTree = "<group>"; };
/* End PBXFileReference section */

/* Begin PBXFrameworksBuildPhase section */
		B7448538208894A5002430F2 /* Frameworks */ = {
			isa = PBXFrameworksBuildPhase;
			buildActionMask = 2147483647;
			files = (
				B79EA396208DF7B5005C953D /* Alamofire.framework in Frameworks */,
			);
			runOnlyForDeploymentPostprocessing = 0;
		};
/* End PBXFrameworksBuildPhase section */

/* Begin PBXGroup section */
		B7148AB820A5DF6400B421E2 /* MainScreenTabBar */ = {
			isa = PBXGroup;
			children = (
				B710D1C620B9AA4900E9D214 /* ListsController.swift */,
				B702316D208F7CEE00301D19 /* MainScreenTabBarViewController.swift */,
				B7148AB620A5DF1600B421E2 /* AccountTableViewController.swift */,
				B7F9B9DA2090A4B0006381CB /* UserTablesTableViewController.swift */,
			);
			path = MainScreenTabBar;
			sourceTree = "<group>";
		};
		B7148AB920A5DF8E00B421E2 /* Api */ = {
			isa = PBXGroup;
			children = (
				B7BC0CE0208DE8C700E0B4E4 /* Constants.swift */,
				B70CC4B1208DF30E0057182C /* ApiClient.swift */,
				B736D1CE208DE14500FC18FB /* ApiRouter.swift */,
				B7448545208894A6002430F2 /* Assets.xcassets */,
			);
			path = Api;
			sourceTree = "<group>";
		};
		B7448532208894A5002430F2 = {
			isa = PBXGroup;
			children = (
				B744853D208894A5002430F2 /* kanban */,
				B744853C208894A5002430F2 /* Products */,
				FB40692E0DA37B0824A4E2FF /* Frameworks */,
			);
			sourceTree = "<group>";
		};
		B744853C208894A5002430F2 /* Products */ = {
			isa = PBXGroup;
			children = (
				B744853B208894A5002430F2 /* kanban.app */,
			);
			name = Products;
			sourceTree = "<group>";
		};
		B744853D208894A5002430F2 /* kanban */ = {
			isa = PBXGroup;
			children = (
				B744853E208894A5002430F2 /* AppDelegate.swift */,
				B75C4BE3208DDB870082C584 /* LoginViewController.swift */,
				B75C4BE5208DDF8F0082C584 /* RegistrationViewController.swift */,
				B7448542208894A5002430F2 /* Main.storyboard */,
				B7148AB820A5DF6400B421E2 /* MainScreenTabBar */,
				B79EA399208DF95E005C953D /* Objects */,
				B7148AB920A5DF8E00B421E2 /* Api */,
				B7448547208894A6002430F2 /* LaunchScreen.storyboard */,
				B744854A208894A6002430F2 /* Info.plist */,
			);
			path = kanban;
			sourceTree = "<group>";
		};
		B79EA399208DF95E005C953D /* Objects */ = {
			isa = PBXGroup;
			children = (
				B744855220889E4B002430F2 /* UserObject.swift */,
				B77384F220AC4034000C396C /* ListObject.swift */,
				B705EF6820A2F0A6008E4FB7 /* CreateTableObject.swift */,
				B7F2718220ADB8B300CD2D47 /* CardObject.swift */,
				B747C7D2208BAEC70015861B /* TableObject.swift */,
			);
			path = Objects;
			sourceTree = "<group>";
		};
		FB40692E0DA37B0824A4E2FF /* Frameworks */ = {
			isa = PBXGroup;
			children = (
				B79EA395208DF7B5005C953D /* Alamofire.framework */,
			);
			name = Frameworks;
			sourceTree = "<group>";
		};
/* End PBXGroup section */

/* Begin PBXNativeTarget section */
		B744853A208894A5002430F2 /* kanban */ = {
			isa = PBXNativeTarget;
			buildConfigurationList = B744854D208894A6002430F2 /* Build configuration list for PBXNativeTarget "kanban" */;
			buildPhases = (
				B7448537208894A5002430F2 /* Sources */,
				B7448538208894A5002430F2 /* Frameworks */,
				B7448539208894A5002430F2 /* Resources */,
				B79EA397208DF802005C953D /* Run Script */,
			);
			buildRules = (
			);
			dependencies = (
			);
			name = kanban;
			productName = kanban;
			productReference = B744853B208894A5002430F2 /* kanban.app */;
			productType = "com.apple.product-type.application";
		};
/* End PBXNativeTarget section */

/* Begin PBXProject section */
		B7448533208894A5002430F2 /* Project object */ = {
			isa = PBXProject;
			attributes = {
				LastSwiftUpdateCheck = 0930;
				LastUpgradeCheck = 0930;
				ORGANIZATIONNAME = "Oleksii Furman";
				TargetAttributes = {
					B744853A208894A5002430F2 = {
						CreatedOnToolsVersion = 9.3;
					};
				};
			};
			buildConfigurationList = B7448536208894A5002430F2 /* Build configuration list for PBXProject "kanban" */;
			compatibilityVersion = "Xcode 9.3";
			developmentRegion = en;
			hasScannedForEncodings = 0;
			knownRegions = (
				en,
				Base,
			);
			mainGroup = B7448532208894A5002430F2;
			productRefGroup = B744853C208894A5002430F2 /* Products */;
			projectDirPath = "";
			projectRoot = "";
			targets = (
				B744853A208894A5002430F2 /* kanban */,
			);
		};
/* End PBXProject section */

/* Begin PBXResourcesBuildPhase section */
		B7448539208894A5002430F2 /* Resources */ = {
			isa = PBXResourcesBuildPhase;
			buildActionMask = 2147483647;
			files = (
				B7448549208894A6002430F2 /* LaunchScreen.storyboard in Resources */,
				B7448546208894A6002430F2 /* Assets.xcassets in Resources */,
				B7448544208894A5002430F2 /* Main.storyboard in Resources */,
			);
			runOnlyForDeploymentPostprocessing = 0;
		};
/* End PBXResourcesBuildPhase section */

/* Begin PBXShellScriptBuildPhase section */
		B79EA397208DF802005C953D /* Run Script */ = {
			isa = PBXShellScriptBuildPhase;
			buildActionMask = 2147483647;
			files = (
			);
			inputPaths = (
				"$(SRCROOT)/Carthage/Build/iOS/Alamofire.framework",
			);
			name = "Run Script";
			outputPaths = (
			);
			runOnlyForDeploymentPostprocessing = 0;
			shellPath = /bin/sh;
			shellScript = "/usr/local/bin/carthage copy-frameworks";
		};
/* End PBXShellScriptBuildPhase section */

/* Begin PBXSourcesBuildPhase section */
		B7448537208894A5002430F2 /* Sources */ = {
			isa = PBXSourcesBuildPhase;
			buildActionMask = 2147483647;
			files = (
				B7F2718320ADB8B300CD2D47 /* CardObject.swift in Sources */,
				B75C4BE4208DDB870082C584 /* LoginViewController.swift in Sources */,
				B744855320889E4B002430F2 /* UserObject.swift in Sources */,
				B7148AB720A5DF1600B421E2 /* AccountTableViewController.swift in Sources */,
				B75C4BE6208DDF8F0082C584 /* RegistrationViewController.swift in Sources */,
				B736D1CF208DE14500FC18FB /* ApiRouter.swift in Sources */,
				B702316E208F7CEE00301D19 /* MainScreenTabBarViewController.swift in Sources */,
				B705EF6920A2F0A6008E4FB7 /* CreateTableObject.swift in Sources */,
				B747C7D3208BAEC70015861B /* TableObject.swift in Sources */,
				B744853F208894A5002430F2 /* AppDelegate.swift in Sources */,
				B710D1C720B9AA4900E9D214 /* ListsController.swift in Sources */,
				B7BC0CE1208DE8C700E0B4E4 /* Constants.swift in Sources */,
				B70CC4B2208DF30E0057182C /* ApiClient.swift in Sources */,
				B77384F320AC4034000C396C /* ListObject.swift in Sources */,
				B7F9B9DB2090A4B0006381CB /* UserTablesTableViewController.swift in Sources */,
			);
			runOnlyForDeploymentPostprocessing = 0;
		};
/* End PBXSourcesBuildPhase section */

/* Begin PBXVariantGroup section */
		B7448542208894A5002430F2 /* Main.storyboard */ = {
			isa = PBXVariantGroup;
			children = (
				B7448543208894A5002430F2 /* Base */,
			);
			name = Main.storyboard;
			sourceTree = "<group>";
		};
		B7448547208894A6002430F2 /* LaunchScreen.storyboard */ = {
			isa = PBXVariantGroup;
			children = (
				B7448548208894A6002430F2 /* Base */,
			);
			name = LaunchScreen.storyboard;
			sourceTree = "<group>";
		};
/* End PBXVariantGroup section */

/* Begin XCBuildConfiguration section */
		B744854B208894A6002430F2 /* Debug */ = {
			isa = XCBuildConfiguration;
			buildSettings = {
				ALWAYS_SEARCH_USER_PATHS = NO;
				CLANG_ANALYZER_NONNULL = YES;
				CLANG_ANALYZER_NUMBER_OBJECT_CONVERSION = YES_AGGRESSIVE;
				CLANG_CXX_LANGUAGE_STANDARD = "gnu++14";
				CLANG_CXX_LIBRARY = "libc++";
				CLANG_ENABLE_MODULES = YES;
				CLANG_ENABLE_OBJC_ARC = YES;
				CLANG_ENABLE_OBJC_WEAK = YES;
				CLANG_WARN_BLOCK_CAPTURE_AUTORELEASING = YES;
				CLANG_WARN_BOOL_CONVERSION = YES;
				CLANG_WARN_COMMA = YES;
				CLANG_WARN_CONSTANT_CONVERSION = YES;
				CLANG_WARN_DEPRECATED_OBJC_IMPLEMENTATIONS = YES;
				CLANG_WARN_DIRECT_OBJC_ISA_USAGE = YES_ERROR;
				CLANG_WARN_DOCUMENTATION_COMMENTS = YES;
				CLANG_WARN_EMPTY_BODY = YES;
				CLANG_WARN_ENUM_CONVERSION = YES;
				CLANG_WARN_INFINITE_RECURSION = YES;
				CLANG_WARN_INT_CONVERSION = YES;
				CLANG_WARN_NON_LITERAL_NULL_CONVERSION = YES;
				CLANG_WARN_OBJC_IMPLICIT_RETAIN_SELF = YES;
				CLANG_WARN_OBJC_LITERAL_CONVERSION = YES;
				CLANG_WARN_OBJC_ROOT_CLASS = YES_ERROR;
				CLANG_WARN_RANGE_LOOP_ANALYSIS = YES;
				CLANG_WARN_STRICT_PROTOTYPES = YES;
				CLANG_WARN_SUSPICIOUS_MOVE = YES;
				CLANG_WARN_UNGUARDED_AVAILABILITY = YES_AGGRESSIVE;
				CLANG_WARN_UNREACHABLE_CODE = YES;
				CLANG_WARN__DUPLICATE_METHOD_MATCH = YES;
				CODE_SIGN_IDENTITY = "iPhone Developer";
				COPY_PHASE_STRIP = NO;
				DEBUG_INFORMATION_FORMAT = dwarf;
				ENABLE_STRICT_OBJC_MSGSEND = YES;
				ENABLE_TESTABILITY = YES;
				GCC_C_LANGUAGE_STANDARD = gnu11;
				GCC_DYNAMIC_NO_PIC = NO;
				GCC_NO_COMMON_BLOCKS = YES;
				GCC_OPTIMIZATION_LEVEL = 0;
				GCC_PREPROCESSOR_DEFINITIONS = (
					"DEBUG=1",
					"$(inherited)",
				);
				GCC_WARN_64_TO_32_BIT_CONVERSION = YES;
				GCC_WARN_ABOUT_RETURN_TYPE = YES_ERROR;
				GCC_WARN_UNDECLARED_SELECTOR = YES;
				GCC_WARN_UNINITIALIZED_AUTOS = YES_AGGRESSIVE;
				GCC_WARN_UNUSED_FUNCTION = YES;
				GCC_WARN_UNUSED_VARIABLE = YES;
				IPHONEOS_DEPLOYMENT_TARGET = 11.3;
				MTL_ENABLE_DEBUG_INFO = YES;
				ONLY_ACTIVE_ARCH = YES;
				SDKROOT = iphoneos;
				SWIFT_ACTIVE_COMPILATION_CONDITIONS = DEBUG;
				SWIFT_OPTIMIZATION_LEVEL = "-Onone";
			};
			name = Debug;
		};
		B744854C208894A6002430F2 /* Release */ = {
			isa = XCBuildConfiguration;
			buildSettings = {
				ALWAYS_SEARCH_USER_PATHS = NO;
				CLANG_ANALYZER_NONNULL = YES;
				CLANG_ANALYZER_NUMBER_OBJECT_CONVERSION = YES_AGGRESSIVE;
				CLANG_CXX_LANGUAGE_STANDARD = "gnu++14";
				CLANG_CXX_LIBRARY = "libc++";
				CLANG_ENABLE_MODULES = YES;
				CLANG_ENABLE_OBJC_ARC = YES;
				CLANG_ENABLE_OBJC_WEAK = YES;
				CLANG_WARN_BLOCK_CAPTURE_AUTORELEASING = YES;
				CLANG_WARN_BOOL_CONVERSION = YES;
				CLANG_WARN_COMMA = YES;
				CLANG_WARN_CONSTANT_CONVERSION = YES;
				CLANG_WARN_DEPRECATED_OBJC_IMPLEMENTATIONS = YES;
				CLANG_WARN_DIRECT_OBJC_ISA_USAGE = YES_ERROR;
				CLANG_WARN_DOCUMENTATION_COMMENTS = YES;
				CLANG_WARN_EMPTY_BODY = YES;
				CLANG_WARN_ENUM_CONVERSION = YES;
				CLANG_WARN_INFINITE_RECURSION = YES;
				CLANG_WARN_INT_CONVERSION = YES;
				CLANG_WARN_NON_LITERAL_NULL_CONVERSION = YES;
				CLANG_WARN_OBJC_IMPLICIT_RETAIN_SELF = YES;
				CLANG_WARN_OBJC_LITERAL_CONVERSION = YES;
				CLANG_WARN_OBJC_ROOT_CLASS = YES_ERROR;
				CLANG_WARN_RANGE_LOOP_ANALYSIS = YES;
				CLANG_WARN_STRICT_PROTOTYPES = YES;
				CLANG_WARN_SUSPICIOUS_MOVE = YES;
				CLANG_WARN_UNGUARDED_AVAILABILITY = YES_AGGRESSIVE;
				CLANG_WARN_UNREACHABLE_CODE = YES;
				CLANG_WARN__DUPLICATE_METHOD_MATCH = YES;
				CODE_SIGN_IDENTITY = "iPhone Developer";
				COPY_PHASE_STRIP = NO;
				DEBUG_INFORMATION_FORMAT = "dwarf-with-dsym";
				ENABLE_NS_ASSERTIONS = NO;
				ENABLE_STRICT_OBJC_MSGSEND = YES;
				GCC_C_LANGUAGE_STANDARD = gnu11;
				GCC_NO_COMMON_BLOCKS = YES;
				GCC_WARN_64_TO_32_BIT_CONVERSION = YES;
				GCC_WARN_ABOUT_RETURN_TYPE = YES_ERROR;
				GCC_WARN_UNDECLARED_SELECTOR = YES;
				GCC_WARN_UNINITIALIZED_AUTOS = YES_AGGRESSIVE;
				GCC_WARN_UNUSED_FUNCTION = YES;
				GCC_WARN_UNUSED_VARIABLE = YES;
				IPHONEOS_DEPLOYMENT_TARGET = 11.3;
				MTL_ENABLE_DEBUG_INFO = NO;
				SDKROOT = iphoneos;
				SWIFT_COMPILATION_MODE = wholemodule;
				SWIFT_OPTIMIZATION_LEVEL = "-O";
				VALIDATE_PRODUCT = YES;
			};
			name = Release;
		};
		B744854E208894A6002430F2 /* Debug */ = {
			isa = XCBuildConfiguration;
			buildSettings = {
				ASSETCATALOG_COMPILER_APPICON_NAME = AppIcon;
				CODE_SIGN_STYLE = Automatic;
				DEVELOPMENT_TEAM = B8EX7H663R;
				FRAMEWORK_SEARCH_PATHS = (
					"$(inherited)",
					"$(PROJECT_DIR)/Carthage/Build/iOS",
				);
				INFOPLIST_FILE = kanban/Info.plist;
				LD_RUNPATH_SEARCH_PATHS = (
					"$(inherited)",
					"@executable_path/Frameworks",
				);
				PRODUCT_BUNDLE_IDENTIFIER = oleksii.furman.kanban;
				PRODUCT_NAME = "$(TARGET_NAME)";
				SWIFT_VERSION = 4.0;
				TARGETED_DEVICE_FAMILY = "1,2";
			};
			name = Debug;
		};
		B744854F208894A6002430F2 /* Release */ = {
			isa = XCBuildConfiguration;
			buildSettings = {
				ASSETCATALOG_COMPILER_APPICON_NAME = AppIcon;
				CODE_SIGN_STYLE = Automatic;
				DEVELOPMENT_TEAM = B8EX7H663R;
				FRAMEWORK_SEARCH_PATHS = (
					"$(inherited)",
					"$(PROJECT_DIR)/Carthage/Build/iOS",
				);
				INFOPLIST_FILE = kanban/Info.plist;
				LD_RUNPATH_SEARCH_PATHS = (
					"$(inherited)",
					"@executable_path/Frameworks",
				);
				PRODUCT_BUNDLE_IDENTIFIER = oleksii.furman.kanban;
				PRODUCT_NAME = "$(TARGET_NAME)";
				SWIFT_VERSION = 4.0;
				TARGETED_DEVICE_FAMILY = "1,2";
			};
			name = Release;
		};
/* End XCBuildConfiguration section */

/* Begin XCConfigurationList section */
		B7448536208894A5002430F2 /* Build configuration list for PBXProject "kanban" */ = {
			isa = XCConfigurationList;
			buildConfigurations = (
				B744854B208894A6002430F2 /* Debug */,
				B744854C208894A6002430F2 /* Release */,
			);
			defaultConfigurationIsVisible = 0;
			defaultConfigurationName = Release;
		};
		B744854D208894A6002430F2 /* Build configuration list for PBXNativeTarget "kanban" */ = {
			isa = XCConfigurationList;
			buildConfigurations = (
				B744854E208894A6002430F2 /* Debug */,
				B744854F208894A6002430F2 /* Release */,
			);
			defaultConfigurationIsVisible = 0;
			defaultConfigurationName = Release;
		};
/* End XCConfigurationList section */
	};
	rootObject = B7448533208894A5002430F2 /* Project object */;
}
